#MicroXplorer Configuration settings - do not modify
ADC1.Channel-0\#ChannelRegularConversion=ADC_CHANNEL_0
ADC1.Channel-1\#ChannelRegularConversion=ADC_CHANNEL_3
ADC1.Channel-10\#ChannelRegularConversion=ADC_CHANNEL_VBAT
ADC1.Channel-2\#ChannelRegularConversion=ADC_CHANNEL_4
ADC1.Channel-3\#ChannelRegularConversion=ADC_CHANNEL_5
ADC1.Channel-4\#ChannelRegularConversion=ADC_CHANNEL_6
ADC1.Channel-5\#ChannelRegularConversion=ADC_CHANNEL_8
ADC1.Channel-6\#ChannelRegularConversion=ADC_CHANNEL_9
ADC1.Channel-7\#ChannelRegularConversion=ADC_CHANNEL_10
ADC1.Channel-8\#ChannelRegularConversion=ADC_CHANNEL_12
ADC1.Channel-9\#ChannelRegularConversion=ADC_CHANNEL_13
ADC1.ClockPrescaler=ADC_CLOCK_SYNC_PCLK_DIV4
ADC1.ContinuousConvMode=DISABLE
ADC1.DMAContinuousRequests=ENABLE
ADC1.DataAlign=ADC_DATAALIGN_RIGHT
ADC1.DiscontinuousConvMode=DISABLE
ADC1.EOCSelection=ADC_EOC_SEQ_CONV
ADC1.EnableAnalogWatchDog=false
ADC1.ExternalTrigConv=ADC_SOFTWARE_START
ADC1.ExternalTrigConvEdge=ADC_EXTERNALTRIGCONVEDGE_NONE
ADC1.IPParameters=Rank-0\#ChannelRegularConversion,Channel-0\#ChannelRegularConversion,SamplingTime-0\#ChannelRegularConversion,NbrOfConversionFlag,master,ScanConvMode,DMAContinuousRequests,EOCSelection,Rank-1\#ChannelRegularConversion,Channel-1\#ChannelRegularConversion,SamplingTime-1\#ChannelRegularConversion,Rank-2\#ChannelRegularConversion,Channel-2\#ChannelRegularConversion,SamplingTime-2\#ChannelRegularConversion,Rank-3\#ChannelRegularConversion,Channel-3\#ChannelRegularConversion,SamplingTime-3\#ChannelRegularConversion,Rank-4\#ChannelRegularConversion,Channel-4\#ChannelRegularConversion,SamplingTime-4\#ChannelRegularConversion,Rank-5\#ChannelRegularConversion,Channel-5\#ChannelRegularConversion,SamplingTime-5\#ChannelRegularConversion,Rank-6\#ChannelRegularConversion,Channel-6\#ChannelRegularConversion,SamplingTime-6\#ChannelRegularConversion,Rank-7\#ChannelRegularConversion,Channel-7\#ChannelRegularConversion,SamplingTime-7\#ChannelRegularConversion,Rank-8\#ChannelRegularConversion,Channel-8\#ChannelRegularConversion,SamplingTime-8\#ChannelRegularConversion,Rank-9\#ChannelRegularConversion,Channel-9\#ChannelRegularConversion,SamplingTime-9\#ChannelRegularConversion,Rank-10\#ChannelRegularConversion,Channel-10\#ChannelRegularConversion,SamplingTime-10\#ChannelRegularConversion,NbrOfConversion,ClockPrescaler,Resolution,DataAlign,ContinuousConvMode,DiscontinuousConvMode,ExternalTrigConv,ExternalTrigConvEdge,InjNumberOfConversion,EnableAnalogWatchDog
ADC1.InjNumberOfConversion=0
ADC1.NbrOfConversion=11
ADC1.NbrOfConversionFlag=1
ADC1.Rank-0\#ChannelRegularConversion=1
ADC1.Rank-1\#ChannelRegularConversion=2
ADC1.Rank-10\#ChannelRegularConversion=11
ADC1.Rank-2\#ChannelRegularConversion=3
ADC1.Rank-3\#ChannelRegularConversion=4
ADC1.Rank-4\#ChannelRegularConversion=5
ADC1.Rank-5\#ChannelRegularConversion=6
ADC1.Rank-6\#ChannelRegularConversion=7
ADC1.Rank-7\#ChannelRegularConversion=8
ADC1.Rank-8\#ChannelRegularConversion=9
ADC1.Rank-9\#ChannelRegularConversion=10
ADC1.Resolution=ADC_RESOLUTION_12B
ADC1.SamplingTime-0\#ChannelRegularConversion=ADC_SAMPLETIME_56CYCLES
ADC1.SamplingTime-1\#ChannelRegularConversion=ADC_SAMPLETIME_56CYCLES
ADC1.SamplingTime-10\#ChannelRegularConversion=ADC_SAMPLETIME_144CYCLES
ADC1.SamplingTime-2\#ChannelRegularConversion=ADC_SAMPLETIME_56CYCLES
ADC1.SamplingTime-3\#ChannelRegularConversion=ADC_SAMPLETIME_56CYCLES
ADC1.SamplingTime-4\#ChannelRegularConversion=ADC_SAMPLETIME_56CYCLES
ADC1.SamplingTime-5\#ChannelRegularConversion=ADC_SAMPLETIME_56CYCLES
ADC1.SamplingTime-6\#ChannelRegularConversion=ADC_SAMPLETIME_56CYCLES
ADC1.SamplingTime-7\#ChannelRegularConversion=ADC_SAMPLETIME_56CYCLES
ADC1.SamplingTime-8\#ChannelRegularConversion=ADC_SAMPLETIME_56CYCLES
ADC1.SamplingTime-9\#ChannelRegularConversion=ADC_SAMPLETIME_56CYCLES
ADC1.ScanConvMode=ENABLE
ADC1.master=1
CAN1.BS1=CAN_BS1_15TQ
CAN1.BS2=CAN_BS2_2TQ
CAN1.CalculateTimeQuantum=370.3703703703704
CAN1.IPParameters=CalculateTimeQuantum,BS1,Prescaler,BS2
CAN1.Prescaler=20
CAN3.BS1=CAN_BS1_15TQ
CAN3.BS2=CAN_BS2_2TQ
CAN3.CalculateTimeQuantum=370.3703703703704
CAN3.IPParameters=CalculateTimeQuantum,BS1,Prescaler,BS2
CAN3.Prescaler=20
CORTEX_M7.ART_ACCLERATOR_ENABLE=0
CORTEX_M7.IPParameters=ART_ACCLERATOR_ENABLE,PREFETCH_ENABLE
CORTEX_M7.PREFETCH_ENABLE=0
Dma.ADC1.0.Direction=DMA_PERIPH_TO_MEMORY
Dma.ADC1.0.FIFOMode=DMA_FIFOMODE_DISABLE
Dma.ADC1.0.Instance=DMA2_Stream0
Dma.ADC1.0.MemDataAlignment=DMA_MDATAALIGN_HALFWORD
Dma.ADC1.0.MemInc=DMA_MINC_ENABLE
Dma.ADC1.0.Mode=DMA_NORMAL
Dma.ADC1.0.PeriphDataAlignment=DMA_PDATAALIGN_HALFWORD
Dma.ADC1.0.PeriphInc=DMA_PINC_DISABLE
Dma.ADC1.0.Priority=DMA_PRIORITY_LOW
Dma.ADC1.0.RequestParameters=Instance,Direction,PeriphInc,MemInc,PeriphDataAlignment,MemDataAlignment,Mode,Priority,FIFOMode
Dma.Request0=ADC1
Dma.RequestsNb=1
ETH.AutoNegotiation=ETH_AUTONEGOTIATION_DISABLE
ETH.IPParameters=MediaInterface,AutoNegotiation,Speed,PhyAddress
ETH.MediaInterface=ETH_MEDIA_INTERFACE_RMII
ETH.PhyAddress=0
ETH.Speed=ETH_SPEED_10M
FATFS.BSP.number=1
FATFS.IPParameters=_USE_STRFUNC,_FS_LOCK
FATFS._FS_LOCK=8
FATFS._USE_STRFUNC=0
FATFS0.BSP.STBoard=false
FATFS0.BSP.api=UnknownBspDriver
FATFS0.BSP.component=
FATFS0.BSP.i2caddr=0
FATFS0.BSP.i2creg=0
FATFS0.BSP.instance=PC7
FATFS0.BSP.ip=GPIO
FATFS0.BSP.mode=Input
FATFS0.BSP.name=Detect_SDIO
FATFS0.BSP.solution=PC7
File.Version=6
I2C4.I2C_Speed_Mode=I2C_Fast
I2C4.IPParameters=Timing,I2C_Speed_Mode
I2C4.Timing=0x10A03AC5
KeepUserPlacement=true
LWIP.CHECKSUM_BY_HARDWARE=1
LWIP.GATEWAY_ADDRESS=192.168.001.001
LWIP.IPParameters=LWIP_DHCP,IP_ADDRESS,NETMASK_ADDRESS,GATEWAY_ADDRESS,LWIP_TCP,MEMP_NUM_TCP_PCB,LWIP_NETIF_STATUS_CALLBACK,LWIP_NETIF_LINK_CALLBACK,CHECKSUM_BY_HARDWARE,LWIP_DBG_MIN_LEVEL,MEM_SIZE,MEMP_NUM_PBUF,PBUF_POOL_SIZE
LWIP.IP_ADDRESS=192.168.001.010
LWIP.LWIP_DBG_MIN_LEVEL=LWIP_DBG_MASK_LEVEL
LWIP.LWIP_DHCP=0
LWIP.LWIP_NETIF_LINK_CALLBACK=1
LWIP.LWIP_NETIF_STATUS_CALLBACK=1
LWIP.LWIP_TCP=0
LWIP.MEMP_NUM_PBUF=64
LWIP.MEMP_NUM_TCP_PCB=1
LWIP.MEM_SIZE=9600
LWIP.NETMASK_ADDRESS=255.255.255.000
LWIP.PBUF_POOL_SIZE=64
LWIP.Version=v2.0.3_Cube
Mcu.Family=STM32F7
Mcu.IP0=ADC1
Mcu.IP1=CAN1
Mcu.IP10=RCC
Mcu.IP11=RTC
Mcu.IP12=SDMMC1
Mcu.IP13=SYS
Mcu.IP14=TIM6
Mcu.IP15=TIM7
Mcu.IP16=USART1
Mcu.IP17=USB_HOST
Mcu.IP18=USB_OTG_HS
Mcu.IP2=CAN3
Mcu.IP3=CORTEX_M7
Mcu.IP4=DMA
Mcu.IP5=ETH
Mcu.IP6=FATFS
Mcu.IP7=I2C4
Mcu.IP8=LWIP
Mcu.IP9=NVIC
Mcu.IPNb=19
Mcu.Name=STM32F767VITx
Mcu.Package=LQFP100
Mcu.Pin0=PC14/OSC32_IN
Mcu.Pin1=PC15/OSC32_OUT
Mcu.Pin10=PA2
Mcu.Pin11=PA3
Mcu.Pin12=PA4
Mcu.Pin13=PA5
Mcu.Pin14=PA6
Mcu.Pin15=PA7
Mcu.Pin16=PC4
Mcu.Pin17=PC5
Mcu.Pin18=PB0
Mcu.Pin19=PB1
Mcu.Pin2=PH0/OSC_IN
Mcu.Pin20=PB11
Mcu.Pin21=PB12
Mcu.Pin22=PB13
Mcu.Pin23=PB14
Mcu.Pin24=PB15
Mcu.Pin25=PD8
Mcu.Pin26=PD10
Mcu.Pin27=PD11
Mcu.Pin28=PD12
Mcu.Pin29=PD13
Mcu.Pin3=PH1/OSC_OUT
Mcu.Pin30=PD14
Mcu.Pin31=PD15
Mcu.Pin32=PC7
Mcu.Pin33=PC8
Mcu.Pin34=PC9
Mcu.Pin35=PA8
Mcu.Pin36=PA9
Mcu.Pin37=PA10
Mcu.Pin38=PA13
Mcu.Pin39=PA14
Mcu.Pin4=PC0
Mcu.Pin40=PA15
Mcu.Pin41=PC10
Mcu.Pin42=PC11
Mcu.Pin43=PC12
Mcu.Pin44=PD0
Mcu.Pin45=PD1
Mcu.Pin46=PD2
Mcu.Pin47=PB3
Mcu.Pin48=PB6
Mcu.Pin49=PE0
Mcu.Pin5=PC1
Mcu.Pin50=PE1
Mcu.Pin51=VP_ADC1_Vbat_Input
Mcu.Pin52=VP_FATFS_VS_SDIO
Mcu.Pin53=VP_FATFS_VS_USB
Mcu.Pin54=VP_LWIP_VS_Enabled
Mcu.Pin55=VP_RTC_VS_RTC_Activate
Mcu.Pin56=VP_RTC_VS_RTC_Calendar
Mcu.Pin57=VP_SYS_VS_Systick
Mcu.Pin58=VP_TIM6_VS_ClockSourceINT
Mcu.Pin59=VP_TIM7_VS_ClockSourceINT
Mcu.Pin6=PC2
Mcu.Pin60=VP_USB_HOST_VS_USB_HOST_MSC_HS
Mcu.Pin7=PC3
Mcu.Pin8=PA0/WKUP
Mcu.Pin9=PA1
Mcu.PinsNb=61
Mcu.ThirdPartyNb=0
Mcu.UserConstants=
Mcu.UserName=STM32F767VITx
MxCube.Version=4.25.1
MxDb.Version=DB.4.0.251
NVIC.ADC_IRQn=true\:12\:0\:true\:false\:true\:true
NVIC.BusFault_IRQn=true\:0\:0\:true\:false\:true\:false
NVIC.CAN1_RX0_IRQn=true\:0\:0\:false\:false\:true\:true
NVIC.CAN1_RX1_IRQn=true\:0\:0\:false\:false\:true\:true
NVIC.CAN1_SCE_IRQn=true\:0\:0\:false\:false\:true\:true
NVIC.CAN1_TX_IRQn=true\:0\:0\:false\:false\:true\:true
NVIC.CAN3_RX0_IRQn=true\:0\:0\:false\:false\:true\:true
NVIC.CAN3_RX1_IRQn=true\:0\:0\:false\:false\:true\:true
NVIC.CAN3_SCE_IRQn=true\:0\:0\:false\:false\:true\:true
NVIC.CAN3_TX_IRQn=true\:0\:0\:false\:false\:true\:true
NVIC.DMA2_Stream0_IRQn=true\:0\:0\:false\:false\:true\:false
NVIC.DebugMonitor_IRQn=true\:0\:0\:false\:false\:true\:false
NVIC.ETH_IRQn=true\:0\:0\:false\:true\:true\:2\:true
NVIC.EXTI0_IRQn=true\:8\:0\:true\:false\:true\:true
NVIC.EXTI15_10_IRQn=true\:10\:0\:true\:false\:true\:true
NVIC.HardFault_IRQn=true\:0\:0\:false\:false\:true\:false
NVIC.I2C4_ER_IRQn=true\:7\:0\:true\:false\:true\:true
NVIC.I2C4_EV_IRQn=true\:7\:0\:true\:false\:true\:true
NVIC.MemoryManagement_IRQn=true\:0\:0\:false\:false\:true\:false
NVIC.NonMaskableInt_IRQn=true\:0\:0\:false\:false\:true\:false
NVIC.OTG_HS_EP1_IN_IRQn=true\:5\:0\:true\:false\:true\:true
NVIC.OTG_HS_EP1_OUT_IRQn=true\:5\:0\:true\:false\:true\:true
NVIC.OTG_HS_IRQn=true\:5\:0\:true\:true\:true\:1\:false
NVIC.PVD_IRQn=true\:9\:0\:true\:false\:true\:true
NVIC.PendSV_IRQn=true\:0\:0\:true\:false\:true\:false
NVIC.PriorityGroup=NVIC_PRIORITYGROUP_4
NVIC.SDMMC1_IRQn=true\:5\:0\:true\:false\:true\:true
NVIC.SVCall_IRQn=true\:0\:0\:false\:false\:true\:false
NVIC.SysTick_IRQn=true\:0\:0\:false\:false\:true\:false
NVIC.TIM6_DAC_IRQn=true\:1\:0\:true\:false\:true\:true
NVIC.TIM7_IRQn=true\:3\:0\:true\:false\:true\:true
NVIC.USART1_IRQn=true\:15\:0\:true\:true\:true\:3\:true
NVIC.UsageFault_IRQn=true\:0\:0\:false\:false\:true\:false
PA0/WKUP.GPIOParameters=GPIO_Label
PA0/WKUP.GPIO_Label=AUX_CH_1
PA0/WKUP.Locked=true
PA0/WKUP.Signal=ADCx_IN0
PA1.GPIOParameters=GPIO_Label
PA1.GPIO_Label=RMII_REF_CLK [LAN8742A-CZ-TR_REFCLK0]
PA1.Locked=true
PA1.Mode=RMII
PA1.Signal=ETH_REF_CLK
PA10.GPIOParameters=GPIO_Label
PA10.GPIO_Label=USART_RX
PA10.Locked=true
PA10.Mode=Asynchronous
PA10.Signal=USART1_RX
PA13.GPIOParameters=GPIO_Label
PA13.GPIO_Label=SWDIO
PA13.Locked=true
PA13.Mode=Trace_Asynchronous_SW
PA13.Signal=SYS_JTMS-SWDIO
PA14.GPIOParameters=GPIO_Label
PA14.GPIO_Label=SWCLK
PA14.Locked=true
PA14.Mode=Trace_Asynchronous_SW
PA14.Signal=SYS_JTCK-SWCLK
PA15.GPIOParameters=GPIO_Label
PA15.GPIO_Label=CAN_AUX_TX
PA15.Locked=true
PA15.Mode=Master
PA15.Signal=CAN3_TX
PA2.GPIOParameters=GPIO_Label
PA2.GPIO_Label=RMII_MDIO [LAN8742A-CZ-TR_MDIO]
PA2.Locked=true
PA2.Mode=RMII
PA2.Signal=ETH_MDIO
PA3.GPIOParameters=GPIO_Label
PA3.GPIO_Label=AUX_CH_2
PA3.Locked=true
PA3.Signal=ADCx_IN3
PA4.GPIOParameters=GPIO_Label
PA4.GPIO_Label=AUX_CH_3
PA4.Locked=true
PA4.Signal=ADCx_IN4
PA5.GPIOParameters=GPIO_Label
PA5.GPIO_Label=AUX_CH_4
PA5.Locked=true
PA5.Signal=ADCx_IN5
PA6.GPIOParameters=GPIO_Label
PA6.GPIO_Label=AUX_CH_5
PA6.Locked=true
PA6.Signal=ADCx_IN6
PA7.GPIOParameters=GPIO_Label
PA7.GPIO_Label=RMII_CRS_DV [LAN8742A-CZ-TR_CRS_DV]
PA7.Locked=true
PA7.Mode=RMII
PA7.Signal=ETH_CRS_DV
PA8.GPIOParameters=GPIO_Label
PA8.GPIO_Label=CAN_AUX_RX
PA8.Locked=true
PA8.Mode=Master
PA8.Signal=CAN3_RX
PA9.GPIOParameters=GPIO_Label
PA9.GPIO_Label=USART_TX
PA9.Locked=true
PA9.Mode=Asynchronous
PA9.Signal=USART1_TX
PB0.GPIOParameters=GPIO_Label
PB0.GPIO_Label=AUX_CH_6
PB0.Locked=true
PB0.Signal=ADCx_IN8
PB1.GPIOParameters=GPIO_Label
PB1.GPIO_Label=AUX_CH_7
PB1.Locked=true
PB1.Signal=ADCx_IN9
PB11.GPIOParameters=GPIO_Label
PB11.GPIO_Label=RMII_TX_EN [LAN8742A-CZ-TR_TXEN]
PB11.Locked=true
PB11.Mode=RMII
PB11.Signal=ETH_TX_EN
PB12.GPIOParameters=GPIO_Label
PB12.GPIO_Label=RMII_TXD0 [LAN8742A-CZ-TR_TXD0]
PB12.Locked=true
PB12.Mode=RMII
PB12.Signal=ETH_TXD0
PB13.GPIOParameters=GPIO_Label
PB13.GPIO_Label=RMII_TXD1 [LAN8742A-CZ-TR_TXD1]
PB13.Locked=true
PB13.Mode=RMII
PB13.Signal=ETH_TXD1
PB14.GPIOParameters=GPIO_Label
PB14.GPIO_Label=USB_DM
PB14.Locked=true
PB14.Mode=Host_FS
PB14.Signal=USB_OTG_HS_DM
PB15.GPIOParameters=GPIO_Label
PB15.GPIO_Label=UDB_DP
PB15.Locked=true
PB15.Mode=Host_FS
PB15.Signal=USB_OTG_HS_DP
PB3.GPIOParameters=GPIO_Label
PB3.GPIO_Label=SWO
PB3.Locked=true
PB3.Mode=Trace_Asynchronous_SW
PB3.Signal=SYS_JTDO-SWO
PB6.GPIOParameters=GPIO_Label
PB6.GPIO_Label=KILL_CTRL
PB6.Locked=true
PB6.Signal=GPIO_Output
PC0.GPIOParameters=GPIO_Label
PC0.GPIO_Label=AUX_CH_8
PC0.Locked=true
PC0.Signal=ADCx_IN10
PC1.GPIOParameters=GPIO_Label
PC1.GPIO_Label=RMII_MDC [LAN8742A-CZ-TR_MDC]
PC1.Locked=true
PC1.Mode=RMII
PC1.Signal=ETH_MDC
PC10.GPIOParameters=GPIO_Label
PC10.GPIO_Label=SDMMC_D2
PC10.Locked=true
PC10.Mode=SD_4_bits_Wide_bus
PC10.Signal=SDMMC1_D2
PC11.GPIOParameters=GPIO_Label
PC11.GPIO_Label=SDMMC_D3
PC11.Locked=true
PC11.Mode=SD_4_bits_Wide_bus
PC11.Signal=SDMMC1_D3
PC12.GPIOParameters=GPIO_Label
PC12.GPIO_Label=SDMMC_CK
PC12.Locked=true
PC12.Mode=SD_4_bits_Wide_bus
PC12.Signal=SDMMC1_CK
PC14/OSC32_IN.GPIOParameters=GPIO_Label
PC14/OSC32_IN.GPIO_Label=OSC32_IN
PC14/OSC32_IN.Locked=true
PC14/OSC32_IN.Mode=LSE-External-Clock-Source
PC14/OSC32_IN.Signal=RCC_OSC32_IN
PC15/OSC32_OUT.GPIOParameters=GPIO_Label
PC15/OSC32_OUT.GPIO_Label=OSC32_OUT
PC15/OSC32_OUT.Locked=true
PC15/OSC32_OUT.Mode=LSE-External-Clock-Source
PC15/OSC32_OUT.Signal=RCC_OSC32_OUT
PC2.GPIOParameters=GPIO_Label
PC2.GPIO_Label=AUX_CH_9
PC2.Locked=true
PC2.Signal=ADCx_IN12
PC3.GPIOParameters=GPIO_Label
PC3.GPIO_Label=AUX_CH_10
PC3.Locked=true
PC3.Signal=ADCx_IN13
PC4.GPIOParameters=GPIO_Label
PC4.GPIO_Label=RMII_RXD0 [LAN8742A-CZ-TR_RXD0]
PC4.Locked=true
PC4.Mode=RMII
PC4.Signal=ETH_RXD0
PC5.GPIOParameters=GPIO_Label
PC5.GPIO_Label=RMII_RXD1 [LAN8742A-CZ-TR_RXD1]
PC5.Locked=true
PC5.Mode=RMII
PC5.Signal=ETH_RXD1
PC7.GPIOParameters=GPIO_Label
PC7.GPIO_Label=CARD_DETECTED
PC7.Locked=true
PC7.Signal=GPIO_Input
PC8.GPIOParameters=GPIO_Label
PC8.GPIO_Label=SDMMC_DO
PC8.Locked=true
PC8.Mode=SD_4_bits_Wide_bus
PC8.Signal=SDMMC1_D0
PC9.GPIOParameters=GPIO_Label
PC9.GPIO_Label=SDMMC_D1
PC9.Locked=true
PC9.Mode=SD_4_bits_Wide_bus
PC9.Signal=SDMMC1_D1
PCC.Checker=false
PCC.Line=STM32F7x7
PCC.MCU=STM32F767VITx
PCC.PartNumber=STM32F767VITx
PCC.Seq0=1
PCC.Seq0.Step0.Average_Current=134.85 mA
PCC.Seq0.Step0.CPU_Frequency=216 MHz
PCC.Seq0.Step0.Category=In DS Table
PCC.Seq0.Step0.DMIPS=462.24002
PCC.Seq0.Step0.Duration=1 s
PCC.Seq0.Step0.Frequency=4 MHz
PCC.Seq0.Step0.Memory=SRAM/FLASH-ART L1Cache REGON
PCC.Seq0.Step0.Mode=RUN
PCC.Seq0.Step0.Oscillator=HSE PLL
PCC.Seq0.Step0.Peripherals=ADC1 BusMatrix CAN1 CAN3 DMA1\:2_Streams DMA2\:5_Streams ETH GPIOA GPIOB GPIOC GPIOD GPIOE GPIOH I2C4 RTC SDMMC1 TIM6 TIM7 USART1 USB_OTG_HS
PCC.Seq0.Step0.TaMax=85.87
PCC.Seq0.Step0.User's_Consumption=0 mA
PCC.Seq0.Step0.Vcore=Scale1-High
PCC.Seq0.Step0.Vdd=3.3
PCC.Seq0.Step0.Voltage_Source=Vbus
PCC.Series=STM32F7
PCC.Temperature=25
PCC.Vdd=3.3
PD0.GPIOParameters=GPIO_Label
PD0.GPIO_Label=CAN_RX
PD0.Locked=true
PD0.Mode=Master
PD0.Signal=CAN1_RX
PD1.GPIOParameters=GPIO_Label
PD1.GPIO_Label=CAN_TX
PD1.Locked=true
PD1.Mode=Master
PD1.Signal=CAN1_TX
PD10.GPIOParameters=GPIO_Label
PD10.GPIO_Label=IMU_RESET
PD10.Locked=true
PD10.Signal=GPIO_Output
PD11.GPIOParameters=GPIO_Label
PD11.GPIO_Label=IMU_INTERRUPT
PD11.Locked=true
PD11.Signal=GPXTI11
PD12.GPIOParameters=GPIO_PuPdOD,GPIO_Label
PD12.GPIO_Label=I2C_SCL
PD12.GPIO_PuPdOD=GPIO_NOPULL
PD12.Locked=true
PD12.Mode=I2C
PD12.Signal=I2C4_SCL
PD13.GPIOParameters=GPIO_PuPdOD,GPIO_Label
PD13.GPIO_Label=I2C_SDA
PD13.GPIO_PuPdOD=GPIO_NOPULL
PD13.Locked=true
PD13.Mode=I2C
PD13.Signal=I2C4_SDA
PD14.GPIOParameters=GPIO_Label
PD14.GPIO_Label=LED_GREEN
PD14.Locked=true
PD14.Signal=GPIO_Output
PD15.GPIOParameters=GPIO_Label
PD15.GPIO_Label=LED_RED
PD15.Locked=true
PD15.Signal=GPIO_Output
PD2.GPIOParameters=GPIO_Label
PD2.GPIO_Label=SDMMC_CMD
PD2.Locked=true
PD2.Mode=SD_4_bits_Wide_bus
PD2.Signal=SDMMC1_CMD
PD8.GPIOParameters=GPIO_Label
PD8.GPIO_Label=ETH_RESET
PD8.Locked=true
PD8.Signal=GPIO_Output
PE0.GPIOParameters=GPIO_Label
PE0.GPIO_Label=USB_OVERCURRENT
PE0.Locked=true
PE0.Signal=GPXTI0
PE1.GPIOParameters=GPIO_Label
PE1.GPIO_Label=USB_VBUS_EN
PE1.Locked=true
PE1.Signal=GPIO_Output
PH0/OSC_IN.GPIOParameters=GPIO_Label
PH0/OSC_IN.GPIO_Label=OSC_IN
PH0/OSC_IN.Locked=true
PH0/OSC_IN.Mode=HSE-External-Clock-Source
PH0/OSC_IN.Signal=RCC_OSC_IN
PH1/OSC_OUT.GPIOParameters=GPIO_Label
PH1/OSC_OUT.GPIO_Label=OSC_OUT
PH1/OSC_OUT.Locked=true
PH1/OSC_OUT.Mode=HSE-External-Clock-Source
PH1/OSC_OUT.Signal=RCC_OSC_OUT
PinOutPanel.RotationAngle=0
ProjectManager.AskForMigrate=true
ProjectManager.BackupPrevious=false
ProjectManager.CompilerOptimize=3
ProjectManager.ComputerToolchain=false
ProjectManager.CoupleFile=true
ProjectManager.CustomerFirmwarePackage=C\:/Users/gabri/STM32Cube/Repository/STM32Cube_FW_F7_V1.11.0
ProjectManager.DefaultFWLocation=true
ProjectManager.DeletePrevious=true
ProjectManager.DeviceId=STM32F767VITx
ProjectManager.FirmwarePackage=STM32Cube FW_F7 V1.11.0
ProjectManager.FreePins=true
ProjectManager.HalAssertFull=false
ProjectManager.HeapSize=0x1000
ProjectManager.KeepUserCode=true
ProjectManager.LastFirmware=true
ProjectManager.LibraryCopy=1
ProjectManager.MainLocation=Src
ProjectManager.PreviousToolchain=
ProjectManager.ProjectBuild=false
ProjectManager.ProjectFileName=DCU_DPX.ioc
ProjectManager.ProjectName=DCU_DPX
ProjectManager.StackSize=0x1200
ProjectManager.TargetToolchain=MDK-ARM V5
ProjectManager.ToolChainLocation=
ProjectManager.UnderRoot=false
ProjectManager.functionlistsort=1-MX_GPIO_Init-GPIO-false-HAL-true,2-MX_DMA_Init-DMA-false-HAL-true,3-SystemClock_Config-RCC-false-HAL-true,4-MX_CORTEX_M7_Init-CORTEX_M7-false-HAL-true,5-MX_I2C4_Init-I2C4-false-HAL-true,6-MX_USART1_UART_Init-USART1-false-HAL-true,7-MX_TIM6_Init-TIM6-false-HAL-true,8-MX_TIM7_Init-TIM7-false-HAL-true,9-MX_SDMMC1_SD_Init-SDMMC1-false-HAL-true,10-MX_RTC_Init-RTC-false-HAL-true,11-MX_USB_HOST_Init-USB_HOST-false-HAL-true,12-MX_LWIP_Init-LWIP-false-HAL-true,13-MX_FATFS_Init-FATFS-false-HAL-true,14-MX_ADC1_Init-ADC1-false-HAL-true,15-MX_CAN1_Init-CAN1-false-HAL-true,16-MX_CAN3_Init-CAN3-false-HAL-true
RCC.AHBFreq_Value=216000000
RCC.APB1CLKDivider=RCC_HCLK_DIV4
RCC.APB1Freq_Value=54000000
RCC.APB1TimFreq_Value=108000000
RCC.APB2CLKDivider=RCC_HCLK_DIV2
RCC.APB2Freq_Value=108000000
RCC.APB2TimFreq_Value=216000000
RCC.CECFreq_Value=32786.88524590164
RCC.CortexFreq_Value=216000000
RCC.DFSDMAudioFreq_Value=96000000
RCC.DFSDMFreq_Value=108000000
RCC.EthernetFreq_Value=216000000
RCC.FCLKCortexFreq_Value=216000000
RCC.FamilyName=M
RCC.HCLKFreq_Value=216000000
RCC.HSE_VALUE=8000000
RCC.HSI_VALUE=16000000
RCC.I2C1Freq_Value=54000000
RCC.I2C2Freq_Value=54000000
RCC.I2C3Freq_Value=54000000
RCC.I2C4CLockSelection=RCC_I2C4CLKSOURCE_SYSCLK
RCC.I2C4Freq_Value=216000000
RCC.I2SFreq_Value=96000000
RCC.IPParameters=AHBFreq_Value,APB1CLKDivider,APB1Freq_Value,APB1TimFreq_Value,APB2CLKDivider,APB2Freq_Value,APB2TimFreq_Value,CECFreq_Value,CortexFreq_Value,DFSDMAudioFreq_Value,DFSDMFreq_Value,EthernetFreq_Value,FCLKCortexFreq_Value,FamilyName,HCLKFreq_Value,HSE_VALUE,HSI_VALUE,I2C1Freq_Value,I2C2Freq_Value,I2C3Freq_Value,I2C4CLockSelection,I2C4Freq_Value,I2SFreq_Value,LCDTFTFreq_Value,LPTIM1Freq_Value,LSE_VALUE,LSI_VALUE,MCO2PinFreq_Value,PLL48CLockSelection,PLLCLKFreq_Value,PLLI2SPCLKFreq_Value,PLLI2SQCLKFreq_Value,PLLI2SRCLKFreq_Value,PLLI2SRoutputFreq_Value,PLLM,PLLN,PLLQCLKFreq_Value,PLLQoutputFreq_Value,PLLRFreq_Value,PLLSAIP,PLLSAIPCLKFreq_Value,PLLSAIQCLKFreq_Value,PLLSAIRCLKFreq_Value,PLLSAIoutputFreq_Value,RNGFreq_Value,RTCClockSelection,RTCFreq_Value,SAI1Freq_Value,SAI2Freq_Value,SDMMC2Freq_Value,SDMMCClockSelection,SDMMCFreq_Value,SPDIFRXFreq_Value,SYSCLKFreq_VALUE,SYSCLKSource,UART4Freq_Value,UART5Freq_Value,UART7Freq_Value,UART8Freq_Value,USART1CLockSelection,USART1Freq_Value,USART2Freq_Value,USART3Freq_Value,USART6Freq_Value,USBFreq_Value,VCOI2SOutputFreq_Value,VCOInputFreq_Value,VCOOutputFreq_Value,VCOSAIOutputFreq_Value
RCC.LCDTFTFreq_Value=48000000
RCC.LPTIM1Freq_Value=54000000
RCC.LSE_VALUE=32768
RCC.LSI_VALUE=32000
RCC.LockedElements=EthernetPtpOutput,HCLKOutput,CortexSysOutput,FCLKCortexOutput,APB1Output,TimPrescOut1,APB2Output,TimPrescOut2,USART1output,AHBOutput,USBoutput,I2C4output,SDMMCoutput
RCC.MCO2PinFreq_Value=216000000
RCC.PLL48CLockSelection=RCC_CLK48SOURCE_PLLSAIP
RCC.PLLCLKFreq_Value=216000000
RCC.PLLI2SPCLKFreq_Value=96000000
RCC.PLLI2SQCLKFreq_Value=96000000
RCC.PLLI2SRCLKFreq_Value=96000000
RCC.PLLI2SRoutputFreq_Value=96000000
RCC.PLLM=8
RCC.PLLN=432
RCC.PLLQCLKFreq_Value=216000000
RCC.PLLQoutputFreq_Value=216000000
RCC.PLLRFreq_Value=216000000
RCC.PLLSAIP=RCC_PLLSAIP_DIV4
RCC.PLLSAIPCLKFreq_Value=48000000
RCC.PLLSAIQCLKFreq_Value=96000000
RCC.PLLSAIRCLKFreq_Value=96000000
RCC.PLLSAIoutputFreq_Value=48000000
RCC.RNGFreq_Value=48000000
RCC.RTCClockSelection=RCC_RTCCLKSOURCE_LSE
RCC.RTCFreq_Value=32768
RCC.SAI1Freq_Value=96000000
RCC.SAI2Freq_Value=96000000
RCC.SDMMC2Freq_Value=216000000
RCC.SDMMCClockSelection=RCC_SDMMC1CLKSOURCE_CLK48
RCC.SDMMCFreq_Value=48000000
RCC.SPDIFRXFreq_Value=96000000
RCC.SYSCLKFreq_VALUE=216000000
RCC.SYSCLKSource=RCC_SYSCLKSOURCE_PLLCLK
RCC.UART4Freq_Value=54000000
RCC.UART5Freq_Value=54000000
RCC.UART7Freq_Value=54000000
RCC.UART8Freq_Value=54000000
RCC.USART1CLockSelection=RCC_USART1CLKSOURCE_SYSCLK
RCC.USART1Freq_Value=216000000
RCC.USART2Freq_Value=54000000
RCC.USART3Freq_Value=54000000
RCC.USART6Freq_Value=108000000
RCC.USBFreq_Value=48000000
RCC.VCOI2SOutputFreq_Value=192000000
RCC.VCOInputFreq_Value=1000000
RCC.VCOOutputFreq_Value=432000000
RCC.VCOSAIOutputFreq_Value=192000000
SH.ADCx_IN0.0=ADC1_IN0,IN0
SH.ADCx_IN0.ConfNb=1
SH.ADCx_IN10.0=ADC1_IN10,IN10
SH.ADCx_IN10.ConfNb=1
SH.ADCx_IN12.0=ADC1_IN12,IN12
SH.ADCx_IN12.ConfNb=1
SH.ADCx_IN13.0=ADC1_IN13,IN13
SH.ADCx_IN13.ConfNb=1
SH.ADCx_IN3.0=ADC1_IN3,IN3
SH.ADCx_IN3.ConfNb=1
SH.ADCx_IN4.0=ADC1_IN4,IN4
SH.ADCx_IN4.ConfNb=1
SH.ADCx_IN5.0=ADC1_IN5,IN5
SH.ADCx_IN5.ConfNb=1
SH.ADCx_IN6.0=ADC1_IN6,IN6
SH.ADCx_IN6.ConfNb=1
SH.ADCx_IN8.0=ADC1_IN8,IN8
SH.ADCx_IN8.ConfNb=1
SH.ADCx_IN9.0=ADC1_IN9,IN9
SH.ADCx_IN9.ConfNb=1
SH.GPXTI0.0=GPIO_EXTI0
SH.GPXTI0.ConfNb=1
SH.GPXTI11.0=GPIO_EXTI11
SH.GPXTI11.ConfNb=1
TIM6.IPParameters=Prescaler,Period
TIM6.Period=99
TIM6.Prescaler=10799
TIM7.IPParameters=Prescaler,Period
TIM7.Period=999
TIM7.Prescaler=10799
USART1.IPParameters=VirtualMode-Asynchronous,WordLength
USART1.VirtualMode-Asynchronous=VM_ASYNC
USART1.WordLength=WORDLENGTH_8B
USB_HOST.BSP.number=1
USB_HOST.IPParameters=VirtualModeHS,USBH_HandleTypeDef-MSC_HS,USBH_KEEP_CFG_DESCRIPTOR-MSC_HS,USBH_MAX_SIZE_CONFIGURATION-MSC_HS
USB_HOST.USBH_HandleTypeDef-MSC_HS=hUsbHostHS
USB_HOST.USBH_KEEP_CFG_DESCRIPTOR-MSC_HS=0
USB_HOST.USBH_MAX_SIZE_CONFIGURATION-MSC_HS=512
USB_HOST.VirtualModeHS=Msc
USB_HOST0.BSP.STBoard=false
USB_HOST0.BSP.api=UnknownBspDriver
USB_HOST0.BSP.component=
USB_HOST0.BSP.i2caddr=0
USB_HOST0.BSP.i2creg=0
USB_HOST0.BSP.instance=PE1
USB_HOST0.BSP.ip=GPIO
USB_HOST0.BSP.mode=Output
USB_HOST0.BSP.name=Drive_VBUS_HS
USB_HOST0.BSP.solution=PE1
USB_OTG_HS.IPParameters=VirtualMode-Host_FS,dma_enable-Host_FS
USB_OTG_HS.VirtualMode-Host_FS=Host_FS
USB_OTG_HS.dma_enable-Host_FS=ENABLE
VP_ADC1_Vbat_Input.Mode=IN-Vbat
VP_ADC1_Vbat_Input.Signal=ADC1_Vbat_Input
VP_FATFS_VS_SDIO.Mode=SDIO
VP_FATFS_VS_SDIO.Signal=FATFS_VS_SDIO
VP_FATFS_VS_USB.Mode=USB
VP_FATFS_VS_USB.Signal=FATFS_VS_USB
VP_LWIP_VS_Enabled.Mode=Enabled
VP_LWIP_VS_Enabled.Signal=LWIP_VS_Enabled
VP_RTC_VS_RTC_Activate.Mode=RTC_Enabled
VP_RTC_VS_RTC_Activate.Signal=RTC_VS_RTC_Activate
VP_RTC_VS_RTC_Calendar.Mode=RTC_Calendar
VP_RTC_VS_RTC_Calendar.Signal=RTC_VS_RTC_Calendar
VP_SYS_VS_Systick.Mode=SysTick
VP_SYS_VS_Systick.Signal=SYS_VS_Systick
VP_TIM6_VS_ClockSourceINT.Mode=Enable_Timer
VP_TIM6_VS_ClockSourceINT.Signal=TIM6_VS_ClockSourceINT
VP_TIM7_VS_ClockSourceINT.Mode=Enable_Timer
VP_TIM7_VS_ClockSourceINT.Signal=TIM7_VS_ClockSourceINT
VP_USB_HOST_VS_USB_HOST_MSC_HS.Mode=MSC_HS
VP_USB_HOST_VS_USB_HOST_MSC_HS.Signal=USB_HOST_VS_USB_HOST_MSC_HS
board=DCU_DPX
