#MicroXplorer Configuration settings - do not modify
ADC1.Channel-0\#ChannelRegularConversion=ADC_CHANNEL_12
ADC1.Channel-1\#ChannelRegularConversion=ADC_CHANNEL_13
ADC1.ClockPrescaler=ADC_CLOCK_SYNC_PCLK_DIV4
ADC1.ContinuousConvMode=DISABLE
ADC1.DMAContinuousRequests=ENABLE
ADC1.DataAlign=ADC_DATAALIGN_RIGHT
ADC1.DiscontinuousConvMode=DISABLE
ADC1.EOCSelection=ADC_EOC_SEQ_CONV
ADC1.EnableAnalogWatchDog=false
ADC1.ExternalTrigConv=ADC_SOFTWARE_START
ADC1.ExternalTrigConvEdge=ADC_EXTERNALTRIGCONVEDGE_NONE
ADC1.IPParameters=Rank-0\#ChannelRegularConversion,Channel-0\#ChannelRegularConversion,SamplingTime-0\#ChannelRegularConversion,NbrOfConversionFlag,master,NbrOfConversion,ClockPrescaler,Resolution,DataAlign,ScanConvMode,ContinuousConvMode,DiscontinuousConvMode,DMAContinuousRequests,EOCSelection,ExternalTrigConv,ExternalTrigConvEdge,InjNumberOfConversion,EnableAnalogWatchDog,Rank-1\#ChannelRegularConversion,Channel-1\#ChannelRegularConversion,SamplingTime-1\#ChannelRegularConversion
ADC1.InjNumberOfConversion=0
ADC1.NbrOfConversion=2
ADC1.NbrOfConversionFlag=1
ADC1.Rank-0\#ChannelRegularConversion=1
ADC1.Rank-1\#ChannelRegularConversion=2
ADC1.Resolution=ADC_RESOLUTION_12B
ADC1.SamplingTime-0\#ChannelRegularConversion=ADC_SAMPLETIME_56CYCLES
ADC1.SamplingTime-1\#ChannelRegularConversion=ADC_SAMPLETIME_56CYCLES
ADC1.ScanConvMode=ENABLE
ADC1.master=1
CAN1.BS1=CAN_BS1_15TQ
CAN1.BS2=CAN_BS2_2TQ
CAN1.CalculateTimeQuantum=55.55555555555556
CAN1.IPParameters=CalculateTimeQuantum,Prescaler,BS1,BS2
CAN1.Prescaler=3
CORTEX_M7.ART_ACCLERATOR_ENABLE=1
CORTEX_M7.CPU_ICache=Disabled
CORTEX_M7.FlashInterface=TCM_Enabled
CORTEX_M7.IPParameters=ART_ACCLERATOR_ENABLE,PREFETCH_ENABLE,FlashInterface,CPU_ICache
CORTEX_M7.PREFETCH_ENABLE=1
Dma.ADC1.0.Direction=DMA_PERIPH_TO_MEMORY
Dma.ADC1.0.FIFOMode=DMA_FIFOMODE_DISABLE
Dma.ADC1.0.Instance=DMA2_Stream0
Dma.ADC1.0.MemDataAlignment=DMA_MDATAALIGN_WORD
Dma.ADC1.0.MemInc=DMA_MINC_ENABLE
Dma.ADC1.0.Mode=DMA_NORMAL
Dma.ADC1.0.PeriphDataAlignment=DMA_PDATAALIGN_WORD
Dma.ADC1.0.PeriphInc=DMA_PINC_DISABLE
Dma.ADC1.0.Priority=DMA_PRIORITY_LOW
Dma.ADC1.0.RequestParameters=Instance,Direction,PeriphInc,MemInc,PeriphDataAlignment,MemDataAlignment,Mode,Priority,FIFOMode
Dma.Request0=ADC1
Dma.RequestsNb=1
ETH.AutoNegotiation=ETH_AUTONEGOTIATION_ENABLE
ETH.IPParameters=MediaInterface,PhyAddress,AutoNegotiation
ETH.MediaInterface=ETH_MEDIA_INTERFACE_RMII
ETH.PhyAddress=0
FATFS.IPParameters=_USE_STRFUNC,_FS_LOCK,_VOLUMES,_USE_MKFS,_FS_EXFAT,_FS_MINIMIZE,_USE_LFN
FATFS._FS_EXFAT=0
FATFS._FS_LOCK=2
FATFS._FS_MINIMIZE=3
FATFS._USE_LFN=0
FATFS._USE_MKFS=0
FATFS._USE_STRFUNC=0
FATFS._VOLUMES=1
File.Version=6
I2C4.I2C_Speed_Mode=I2C_Fast
I2C4.IPParameters=Timing,I2C_Speed_Mode,OwnAddress
I2C4.OwnAddress=110
I2C4.Timing=0x10A03AC5
KeepUserPlacement=true
LWIP.CHECKSUM_BY_HARDWARE=1
LWIP.GATEWAY_ADDRESS=192.168.001.001
LWIP.IPParameters=LWIP_DHCP,IP_ADDRESS,NETMASK_ADDRESS,GATEWAY_ADDRESS,MEMP_NUM_UDP_PCB,LWIP_TCP,MEMP_NUM_TCP_PCB,MEM_SIZE,MEMP_NUM_PBUF,PBUF_POOL_SIZE,LWIP_NETIF_STATUS_CALLBACK,LWIP_NETIF_LINK_CALLBACK,CHECKSUM_BY_HARDWARE,LWIP_DBG_MIN_LEVEL
LWIP.IP_ADDRESS=192.168.001.010
LWIP.LWIP_DBG_MIN_LEVEL=LWIP_DBG_MASK_LEVEL
LWIP.LWIP_DHCP=0
LWIP.LWIP_NETIF_LINK_CALLBACK=1
LWIP.LWIP_NETIF_STATUS_CALLBACK=1
LWIP.LWIP_TCP=0
LWIP.MEMP_NUM_PBUF=64
LWIP.MEMP_NUM_TCP_PCB=1
LWIP.MEMP_NUM_UDP_PCB=5
LWIP.MEM_SIZE=9600
LWIP.NETMASK_ADDRESS=255.255.255.000
LWIP.PBUF_POOL_SIZE=64
LWIP.Version=v2.0.3_Cube
Mcu.Family=STM32F7
Mcu.IP0=ADC1
Mcu.IP1=CAN1
Mcu.IP10=RTC
Mcu.IP11=SYS
Mcu.IP12=TIM5
Mcu.IP13=TIM6
Mcu.IP14=TIM7
Mcu.IP15=USB_HOST
Mcu.IP16=USB_OTG_HS
Mcu.IP2=CORTEX_M7
Mcu.IP3=DMA
Mcu.IP4=ETH
Mcu.IP5=FATFS
Mcu.IP6=I2C4
Mcu.IP7=LWIP
Mcu.IP8=NVIC
Mcu.IP9=RCC
Mcu.IPNb=17
Mcu.Name=STM32F767VITx
Mcu.Package=LQFP100
Mcu.Pin0=PH0/OSC_IN
Mcu.Pin1=PH1/OSC_OUT
Mcu.Pin10=PB11
Mcu.Pin11=PB12
Mcu.Pin12=PB13
Mcu.Pin13=PB14
Mcu.Pin14=PB15
Mcu.Pin15=PD12
Mcu.Pin16=PD13
Mcu.Pin17=PD14
Mcu.Pin18=PD15
Mcu.Pin19=PA13
Mcu.Pin2=PC1
Mcu.Pin20=PA14
Mcu.Pin21=PD0
Mcu.Pin22=PD1
Mcu.Pin23=PB3
Mcu.Pin24=PB6
Mcu.Pin25=PE0
Mcu.Pin26=PE1
Mcu.Pin27=VP_FATFS_VS_USB
Mcu.Pin28=VP_LWIP_VS_Enabled
Mcu.Pin29=VP_RTC_VS_RTC_Activate
Mcu.Pin3=PC2
Mcu.Pin30=VP_RTC_VS_RTC_Calendar
Mcu.Pin31=VP_SYS_VS_Systick
Mcu.Pin32=VP_TIM5_VS_ClockSourceINT
Mcu.Pin33=VP_TIM6_VS_ClockSourceINT
Mcu.Pin34=VP_TIM7_VS_ClockSourceINT
Mcu.Pin35=VP_USB_HOST_VS_USB_HOST_MSC_HS
Mcu.Pin4=PC3
Mcu.Pin5=PA1
Mcu.Pin6=PA2
Mcu.Pin7=PA7
Mcu.Pin8=PC4
Mcu.Pin9=PC5
Mcu.PinsNb=36
Mcu.ThirdPartyNb=0
Mcu.UserConstants=
Mcu.UserName=STM32F767VITx
MxCube.Version=4.26.0
MxDb.Version=DB.4.0.260
NVIC.ADC_IRQn=true\:8\:0\:true\:false\:true\:true
NVIC.BusFault_IRQn=true\:0\:0\:true\:false\:true\:false
NVIC.CAN1_RX0_IRQn=true\:1\:0\:true\:false\:true\:true
NVIC.CAN1_RX1_IRQn=true\:1\:0\:true\:false\:true\:true
NVIC.CAN1_TX_IRQn=true\:1\:0\:true\:false\:true\:true
NVIC.DMA2_Stream0_IRQn=true\:8\:0\:true\:false\:true\:false
NVIC.DebugMonitor_IRQn=true\:0\:0\:false\:false\:true\:false
NVIC.ETH_IRQn=true\:2\:0\:true\:false\:true\:true
NVIC.EXTI0_IRQn=true\:0\:0\:true\:false\:true\:true
NVIC.HardFault_IRQn=true\:0\:0\:false\:false\:true\:false
NVIC.I2C4_ER_IRQn=true\:7\:0\:true\:false\:true\:true
NVIC.I2C4_EV_IRQn=true\:7\:0\:true\:false\:true\:true
NVIC.MemoryManagement_IRQn=true\:0\:0\:false\:false\:true\:false
NVIC.NonMaskableInt_IRQn=true\:0\:0\:false\:false\:true\:false
NVIC.OTG_HS_EP1_IN_IRQn=true\:3\:0\:true\:false\:true\:true
NVIC.OTG_HS_EP1_OUT_IRQn=true\:3\:0\:true\:false\:true\:true
NVIC.OTG_HS_IRQn=true\:3\:0\:true\:false\:true\:false
NVIC.PendSV_IRQn=true\:0\:0\:true\:false\:true\:false
NVIC.PriorityGroup=NVIC_PRIORITYGROUP_4
NVIC.SVCall_IRQn=true\:0\:0\:false\:false\:true\:false
NVIC.SysTick_IRQn=true\:0\:0\:false\:false\:true\:false
NVIC.TIM5_IRQn=true\:6\:0\:true\:false\:true\:true
NVIC.TIM6_DAC_IRQn=true\:6\:0\:true\:false\:true\:true
NVIC.TIM7_IRQn=true\:5\:0\:true\:false\:true\:true
NVIC.UsageFault_IRQn=true\:0\:0\:false\:false\:true\:false
PA1.GPIOParameters=GPIO_Label
PA1.GPIO_Label=ETH_REF_CLK
PA1.Locked=true
PA1.Mode=RMII
PA1.Signal=ETH_REF_CLK
PA13.GPIOParameters=GPIO_Label
PA13.GPIO_Label=SWDIO
PA13.Locked=true
PA13.Mode=Trace_Asynchronous_SW
PA13.Signal=SYS_JTMS-SWDIO
PA14.GPIOParameters=GPIO_Label
PA14.GPIO_Label=SWCLK
PA14.Locked=true
PA14.Mode=Trace_Asynchronous_SW
PA14.Signal=SYS_JTCK-SWCLK
PA2.GPIOParameters=GPIO_Label
PA2.GPIO_Label=ETH_MDIO
PA2.Locked=true
PA2.Mode=RMII
PA2.Signal=ETH_MDIO
PA7.GPIOParameters=GPIO_Label
PA7.GPIO_Label=ETH_CRS_DV
PA7.Locked=true
PA7.Mode=RMII
PA7.Signal=ETH_CRS_DV
PB11.GPIOParameters=GPIO_Label
PB11.GPIO_Label=ETH_TX_EN
PB11.Locked=true
PB11.Mode=RMII
PB11.Signal=ETH_TX_EN
PB12.GPIOParameters=GPIO_Label
PB12.GPIO_Label=ETH_TXD0
PB12.Locked=true
PB12.Mode=RMII
PB12.Signal=ETH_TXD0
PB13.GPIOParameters=GPIO_Label
PB13.GPIO_Label=ETH_TXD1
PB13.Locked=true
PB13.Mode=RMII
PB13.Signal=ETH_TXD1
PB14.GPIOParameters=GPIO_Label
PB14.GPIO_Label=USB_OTG_HS_DM
PB14.Locked=true
PB14.Mode=Host_FS
PB14.Signal=USB_OTG_HS_DM
PB15.GPIOParameters=GPIO_Label
PB15.GPIO_Label=USB_OTG_HS_DP
PB15.Locked=true
PB15.Mode=Host_FS
PB15.Signal=USB_OTG_HS_DP
PB3.GPIOParameters=GPIO_Label
PB3.GPIO_Label=SWO
PB3.Locked=true
PB3.Mode=Trace_Asynchronous_SW
PB3.Signal=SYS_JTDO-SWO
PB6.GPIOParameters=GPIO_Label
PB6.GPIO_Label=KILL_CTRL
PB6.Locked=true
PB6.Signal=GPIO_Output
PC1.GPIOParameters=GPIO_Label
PC1.GPIO_Label=ETH_MDC
PC1.Locked=true
PC1.Mode=RMII
PC1.Signal=ETH_MDC
PC2.GPIOParameters=GPIO_Label
PC2.GPIO_Label=TEMP_SENS
PC2.Locked=true
PC2.Signal=ADCx_IN12
PC3.GPIOParameters=GPIO_Label
PC3.GPIO_Label=CURRENT_SENS
PC3.Locked=true
PC3.Signal=ADCx_IN13
PC4.GPIOParameters=GPIO_Label
PC4.GPIO_Label=ETH_RXD0
PC4.Locked=true
PC4.Mode=RMII
PC4.Signal=ETH_RXD0
PC5.GPIOParameters=GPIO_Label
PC5.GPIO_Label=ETH_RXD1
PC5.Locked=true
PC5.Mode=RMII
PC5.Signal=ETH_RXD1
PCC.Checker=false
PCC.Line=STM32F7x7
PCC.MCU=STM32F767VITx
PCC.PartNumber=STM32F767VITx
PCC.Seq0=0
PCC.Series=STM32F7
PCC.Temperature=25
PCC.Vdd=3.3
PD0.GPIOParameters=GPIO_Label
PD0.GPIO_Label=CAN1_RX
PD0.Locked=true
PD0.Mode=Master
PD0.Signal=CAN1_RX
PD1.GPIOParameters=GPIO_Label
PD1.GPIO_Label=CAN1_TX
PD1.Locked=true
PD1.Mode=Master
PD1.Signal=CAN1_TX
PD12.GPIOParameters=GPIO_Label
PD12.GPIO_Label=I2C4_SCL
PD12.Locked=true
PD12.Mode=I2C
PD12.Signal=I2C4_SCL
PD13.GPIOParameters=GPIO_Label
PD13.GPIO_Label=I2C4_SDA
PD13.Locked=true
PD13.Mode=I2C
PD13.Signal=I2C4_SDA
PD14.GPIOParameters=GPIO_Label
PD14.GPIO_Label=LED_GREEN
PD14.Locked=true
PD14.Signal=GPIO_Output
PD15.GPIOParameters=GPIO_Label
PD15.GPIO_Label=LED_RED
PD15.Locked=true
PD15.Signal=GPIO_Output
PE0.GPIOParameters=GPIO_Label
PE0.GPIO_Label=USB_OVERCURRENT
PE0.Locked=true
PE0.Signal=GPXTI0
PE1.GPIOParameters=GPIO_Label
PE1.GPIO_Label=USB_VBUS_ENABLE
PE1.Locked=true
PE1.Signal=GPIO_Output
PH0/OSC_IN.GPIOParameters=GPIO_Label
PH0/OSC_IN.GPIO_Label=OSC_IN
PH0/OSC_IN.Locked=true
PH0/OSC_IN.Mode=HSE-External-Oscillator
PH0/OSC_IN.Signal=RCC_OSC_IN
PH1/OSC_OUT.GPIOParameters=GPIO_Label
PH1/OSC_OUT.GPIO_Label=OSC_OUT
PH1/OSC_OUT.Locked=true
PH1/OSC_OUT.Mode=HSE-External-Oscillator
PH1/OSC_OUT.Signal=RCC_OSC_OUT
PinOutPanel.RotationAngle=0
ProjectManager.AskForMigrate=true
ProjectManager.BackupPrevious=false
ProjectManager.CompilerOptimize=3
ProjectManager.ComputerToolchain=false
ProjectManager.CoupleFile=true
ProjectManager.CustomerFirmwarePackage=
ProjectManager.DefaultFWLocation=true
ProjectManager.DeletePrevious=true
ProjectManager.DeviceId=STM32F767VITx
ProjectManager.FirmwarePackage=STM32Cube FW_F7 V1.11.0
ProjectManager.FreePins=true
ProjectManager.HalAssertFull=false
ProjectManager.HeapSize=0x1000
ProjectManager.KeepUserCode=true
ProjectManager.LastFirmware=true
ProjectManager.LibraryCopy=1
ProjectManager.MainLocation=Src
ProjectManager.PreviousToolchain=
ProjectManager.ProjectBuild=false
ProjectManager.ProjectFileName=DCU_DPX.ioc
ProjectManager.ProjectName=DCU_DPX
ProjectManager.StackSize=0x1200
ProjectManager.TargetToolchain=MDK-ARM V5
ProjectManager.ToolChainLocation=
ProjectManager.UnderRoot=false
ProjectManager.functionlistsort=1-MX_GPIO_Init-GPIO-false-HAL-true,2-MX_DMA_Init-DMA-false-HAL-true,3-SystemClock_Config-RCC-false-HAL-true,4-MX_CORTEX_M7_Init-CORTEX_M7-false-HAL-true,5-MX_TIM5_Init-TIM5-false-HAL-true,6-MX_TIM6_Init-TIM6-false-HAL-true,7-MX_TIM7_Init-TIM7-false-HAL-true,8-MX_RTC_Init-RTC-false-HAL-true,9-MX_ADC1_Init-ADC1-false-HAL-true,10-MX_CAN1_Init-CAN1-false-HAL-true,11-MX_USB_HOST_Init-USB_HOST-false-HAL-true,12-MX_FATFS_Init-FATFS-false-HAL-true,13-MX_LWIP_Init-LWIP-false-HAL-true,14-MX_I2C4_Init-I2C4-false-HAL-true
RCC.AHBFreq_Value=216000000
RCC.APB1CLKDivider=RCC_HCLK_DIV4
RCC.APB1Freq_Value=54000000
RCC.APB1TimFreq_Value=108000000
RCC.APB2CLKDivider=RCC_HCLK_DIV2
RCC.APB2Freq_Value=108000000
RCC.APB2TimFreq_Value=216000000
RCC.CECFreq_Value=32786.88524590164
RCC.CortexFreq_Value=216000000
RCC.DFSDMAudioFreq_Value=192000000
RCC.DFSDMFreq_Value=108000000
RCC.EthernetFreq_Value=216000000
RCC.FCLKCortexFreq_Value=216000000
RCC.FamilyName=M
RCC.HCLKFreq_Value=216000000
RCC.HSE_VALUE=8000000
RCC.HSI_VALUE=16000000
RCC.I2C1Freq_Value=54000000
RCC.I2C2Freq_Value=54000000
RCC.I2C3Freq_Value=54000000
RCC.I2C4CLockSelection=RCC_I2C4CLKSOURCE_SYSCLK
RCC.I2C4Freq_Value=216000000
RCC.I2SFreq_Value=192000000
RCC.IPParameters=AHBFreq_Value,APB1CLKDivider,APB1Freq_Value,APB1TimFreq_Value,APB2CLKDivider,APB2Freq_Value,APB2TimFreq_Value,CECFreq_Value,CortexFreq_Value,DFSDMAudioFreq_Value,DFSDMFreq_Value,EthernetFreq_Value,FCLKCortexFreq_Value,FamilyName,HCLKFreq_Value,HSE_VALUE,HSI_VALUE,I2C1Freq_Value,I2C2Freq_Value,I2C3Freq_Value,I2C4CLockSelection,I2C4Freq_Value,I2SFreq_Value,LCDTFTFreq_Value,LPTIM1Freq_Value,LSE_VALUE,LSI_VALUE,MCO2PinFreq_Value,PLL48CLockSelection,PLLCLKFreq_Value,PLLI2SPCLKFreq_Value,PLLI2SQCLKFreq_Value,PLLI2SRCLKFreq_Value,PLLI2SRoutputFreq_Value,PLLM,PLLN,PLLQCLKFreq_Value,PLLQoutputFreq_Value,PLLRFreq_Value,PLLSAIP,PLLSAIPCLKFreq_Value,PLLSAIQCLKFreq_Value,PLLSAIRCLKFreq_Value,PLLSAIoutputFreq_Value,RNGFreq_Value,RTCFreq_Value,SAI1Freq_Value,SAI2Freq_Value,SDMMC2Freq_Value,SDMMCClockSelection,SDMMCFreq_Value,SPDIFRXFreq_Value,SYSCLKFreq_VALUE,SYSCLKSource,UART4Freq_Value,UART5Freq_Value,UART7Freq_Value,UART8Freq_Value,USART1CLockSelection,USART1Freq_Value,USART2Freq_Value,USART3Freq_Value,USART6Freq_Value,USBFreq_Value,VCOI2SOutputFreq_Value,VCOInputFreq_Value,VCOOutputFreq_Value,VCOSAIOutputFreq_Value
RCC.LCDTFTFreq_Value=96000000
RCC.LPTIM1Freq_Value=54000000
RCC.LSE_VALUE=32768
RCC.LSI_VALUE=32000
RCC.LockedElements=AHBOutput,EthernetPtpOutput,HCLKOutput,CortexSysOutput,FCLKCortexOutput,APB1Output,TimPrescOut1,APB2Output,TimPrescOut2,USBoutput
RCC.MCO2PinFreq_Value=216000000
RCC.PLL48CLockSelection=RCC_CLK48SOURCE_PLLSAIP
RCC.PLLCLKFreq_Value=216000000
RCC.PLLI2SPCLKFreq_Value=192000000
RCC.PLLI2SQCLKFreq_Value=192000000
RCC.PLLI2SRCLKFreq_Value=192000000
RCC.PLLI2SRoutputFreq_Value=192000000
RCC.PLLM=4
RCC.PLLN=216
RCC.PLLQCLKFreq_Value=216000000
RCC.PLLQoutputFreq_Value=216000000
RCC.PLLRFreq_Value=216000000
RCC.PLLSAIP=RCC_PLLSAIP_DIV8
RCC.PLLSAIPCLKFreq_Value=48000000
RCC.PLLSAIQCLKFreq_Value=192000000
RCC.PLLSAIRCLKFreq_Value=192000000
RCC.PLLSAIoutputFreq_Value=48000000
RCC.RNGFreq_Value=48000000
RCC.RTCFreq_Value=32000
RCC.SAI1Freq_Value=192000000
RCC.SAI2Freq_Value=192000000
RCC.SDMMC2Freq_Value=216000000
RCC.SDMMCClockSelection=RCC_SDMMC1CLKSOURCE_CLK48
RCC.SDMMCFreq_Value=48000000
RCC.SPDIFRXFreq_Value=192000000
RCC.SYSCLKFreq_VALUE=216000000
RCC.SYSCLKSource=RCC_SYSCLKSOURCE_PLLCLK
RCC.UART4Freq_Value=54000000
RCC.UART5Freq_Value=54000000
RCC.UART7Freq_Value=54000000
RCC.UART8Freq_Value=54000000
RCC.USART1CLockSelection=RCC_USART1CLKSOURCE_SYSCLK
RCC.USART1Freq_Value=216000000
RCC.USART2Freq_Value=54000000
RCC.USART3Freq_Value=54000000
RCC.USART6Freq_Value=108000000
RCC.USBFreq_Value=48000000
RCC.VCOI2SOutputFreq_Value=384000000
RCC.VCOInputFreq_Value=2000000
RCC.VCOOutputFreq_Value=432000000
RCC.VCOSAIOutputFreq_Value=384000000
RTC.Date=8
RTC.Hours=12
RTC.IPParameters=WeekDay,Month,Date,Year,Hours
RTC.Month=RTC_MONTH_JUNE
RTC.WeekDay=RTC_WEEKDAY_FRIDAY
RTC.Year=18
SH.ADCx_IN12.0=ADC1_IN12,IN12
SH.ADCx_IN12.ConfNb=1
SH.ADCx_IN13.0=ADC1_IN13,IN13
SH.ADCx_IN13.ConfNb=1
SH.GPXTI0.0=GPIO_EXTI0
SH.GPXTI0.ConfNb=1
TIM5.IPParameters=Prescaler,Period
TIM5.Period=1079
TIM5.Prescaler=9999
TIM6.IPParameters=Prescaler,Period
TIM6.Period=10799
TIM6.Prescaler=9999
TIM7.IPParameters=Period,Prescaler
TIM7.Period=1079
TIM7.Prescaler=999
USB_HOST.BSP.number=1
USB_HOST.IPParameters=VirtualModeHS,USBH_HandleTypeDef-MSC_HS,USBH_MAX_SIZE_CONFIGURATION-MSC_HS
USB_HOST.USBH_HandleTypeDef-MSC_HS=hUsbHostHS
USB_HOST.USBH_MAX_SIZE_CONFIGURATION-MSC_HS=512
USB_HOST.VirtualModeHS=Msc
USB_HOST0.BSP.STBoard=false
USB_HOST0.BSP.api=Unknown
USB_HOST0.BSP.component=
USB_HOST0.BSP.condition=
USB_HOST0.BSP.i2caddr=0
USB_HOST0.BSP.i2creg=
USB_HOST0.BSP.instance=PE1
USB_HOST0.BSP.ip=GPIO
USB_HOST0.BSP.mode=Output
USB_HOST0.BSP.name=Drive_VBUS_HS
USB_HOST0.BSP.solution=PE1
USB_OTG_HS.IPParameters=VirtualMode-Host_FS,dma_enable-Host_FS
USB_OTG_HS.VirtualMode-Host_FS=Host_FS
USB_OTG_HS.dma_enable-Host_FS=ENABLE
VP_FATFS_VS_USB.Mode=USB
VP_FATFS_VS_USB.Signal=FATFS_VS_USB
VP_LWIP_VS_Enabled.Mode=Enabled
VP_LWIP_VS_Enabled.Signal=LWIP_VS_Enabled
VP_RTC_VS_RTC_Activate.Mode=RTC_Enabled
VP_RTC_VS_RTC_Activate.Signal=RTC_VS_RTC_Activate
VP_RTC_VS_RTC_Calendar.Mode=RTC_Calendar
VP_RTC_VS_RTC_Calendar.Signal=RTC_VS_RTC_Calendar
VP_SYS_VS_Systick.Mode=SysTick
VP_SYS_VS_Systick.Signal=SYS_VS_Systick
VP_TIM5_VS_ClockSourceINT.Mode=Internal
VP_TIM5_VS_ClockSourceINT.Signal=TIM5_VS_ClockSourceINT
VP_TIM6_VS_ClockSourceINT.Mode=Enable_Timer
VP_TIM6_VS_ClockSourceINT.Signal=TIM6_VS_ClockSourceINT
VP_TIM7_VS_ClockSourceINT.Mode=Enable_Timer
VP_TIM7_VS_ClockSourceINT.Signal=TIM7_VS_ClockSourceINT
VP_USB_HOST_VS_USB_HOST_MSC_HS.Mode=MSC_HS
VP_USB_HOST_VS_USB_HOST_MSC_HS.Signal=USB_HOST_VS_USB_HOST_MSC_HS
board=DCU_DPX
